
Microsoft Visual Studio Solution File, Format Version 12.00
Project("{2150E333-8FDC-42A3-9474-1A3956D46DE8}") = "src", "src", "{2DC3EC53-DED7-4A33-9269-565E9A7A2072}"
EndProject
Project("{2150E333-8FDC-42A3-9474-1A3956D46DE8}") = "tests", "tests", "{C1A282DD-EF57-436F-A93E-3C3DFE86BC32}"
EndProject
Project("{2150E333-8FDC-42A3-9474-1A3956D46DE8}") = "example", "example", "{0228E02B-5D95-4D7B-9324-F894F9D02C36}"
EndProject
Project("{FAE04EC0-301F-11D3-BF4B-00C04F79EFBC}") = "Kofti", "src\Kofti\Kofti.csproj", "{C263511A-2E11-44C9-9D84-FD37E0C1A39F}"
EndProject
Project("{FAE04EC0-301F-11D3-BF4B-00C04F79EFBC}") = "Kofti.Tests", "tests\Kofti.Tests\Kofti.Tests.csproj", "{A6F869EF-0D16-4FBD-88DB-A10220A957B1}"
EndProject
Project("{FAE04EC0-301F-11D3-BF4B-00C04F79EFBC}") = "Kofti.Example", "examples\Kofti.Example\Kofti.Example.csproj", "{C542E636-0C35-4F54-A2EA-D570C21D5B9E}"
EndProject
Project("{FAE04EC0-301F-11D3-BF4B-00C04F79EFBC}") = "Kofti.Manager", "src\Kofti.Manager\Kofti.Manager.csproj", "{67684F9D-1CE8-4CBD-A4FF-3FC6334A6E47}"
EndProject
Global
	GlobalSection(SolutionConfigurationPlatforms) = preSolution
		Debug|Any CPU = Debug|Any CPU
		Release|Any CPU = Release|Any CPU
	EndGlobalSection
	GlobalSection(NestedProjects) = preSolution
		{C263511A-2E11-44C9-9D84-FD37E0C1A39F} = {2DC3EC53-DED7-4A33-9269-565E9A7A2072}
		{A6F869EF-0D16-4FBD-88DB-A10220A957B1} = {C1A282DD-EF57-436F-A93E-3C3DFE86BC32}
		{C542E636-0C35-4F54-A2EA-D570C21D5B9E} = {0228E02B-5D95-4D7B-9324-F894F9D02C36}
		{67684F9D-1CE8-4CBD-A4FF-3FC6334A6E47} = {2DC3EC53-DED7-4A33-9269-565E9A7A2072}
	EndGlobalSection
	GlobalSection(ProjectConfigurationPlatforms) = postSolution
		{C263511A-2E11-44C9-9D84-FD37E0C1A39F}.Debug|Any CPU.ActiveCfg = Debug|Any CPU
		{C263511A-2E11-44C9-9D84-FD37E0C1A39F}.Debug|Any CPU.Build.0 = Debug|Any CPU
		{C263511A-2E11-44C9-9D84-FD37E0C1A39F}.Release|Any CPU.ActiveCfg = Release|Any CPU
		{C263511A-2E11-44C9-9D84-FD37E0C1A39F}.Release|Any CPU.Build.0 = Release|Any CPU
		{A6F869EF-0D16-4FBD-88DB-A10220A957B1}.Debug|Any CPU.ActiveCfg = Debug|Any CPU
		{A6F869EF-0D16-4FBD-88DB-A10220A957B1}.Debug|Any CPU.Build.0 = Debug|Any CPU
		{A6F869EF-0D16-4FBD-88DB-A10220A957B1}.Release|Any CPU.ActiveCfg = Release|Any CPU
		{A6F869EF-0D16-4FBD-88DB-A10220A957B1}.Release|Any CPU.Build.0 = Release|Any CPU
		{C542E636-0C35-4F54-A2EA-D570C21D5B9E}.Debug|Any CPU.ActiveCfg = Debug|Any CPU
		{C542E636-0C35-4F54-A2EA-D570C21D5B9E}.Debug|Any CPU.Build.0 = Debug|Any CPU
		{C542E636-0C35-4F54-A2EA-D570C21D5B9E}.Release|Any CPU.ActiveCfg = Release|Any CPU
		{C542E636-0C35-4F54-A2EA-D570C21D5B9E}.Release|Any CPU.Build.0 = Release|Any CPU
		{67684F9D-1CE8-4CBD-A4FF-3FC6334A6E47}.Debug|Any CPU.ActiveCfg = Debug|Any CPU
		{67684F9D-1CE8-4CBD-A4FF-3FC6334A6E47}.Debug|Any CPU.Build.0 = Debug|Any CPU
		{67684F9D-1CE8-4CBD-A4FF-3FC6334A6E47}.Release|Any CPU.ActiveCfg = Release|Any CPU
		{67684F9D-1CE8-4CBD-A4FF-3FC6334A6E47}.Release|Any CPU.Build.0 = Release|Any CPU
	EndGlobalSection
EndGlobal
